# THIS IS AN AUTOGENERATED FILE. DO NOT EDIT THIS FILE DIRECTLY.
# yarn lockfile v1


<<<<<<< HEAD
"@aws-crypto/crc32@2.0.0":
  version "2.0.0"
  resolved "https://registry.yarnpkg.com/@aws-crypto/crc32/-/crc32-2.0.0.tgz#4ad432a3c03ec3087c5540ff6e41e6565d2dc153"
  integrity sha512-TvE1r2CUueyXOuHdEigYjIZVesInd9KN+K/TFFNfkkxRThiNxO6i4ZqqAVMoEjAamZZ1AA8WXJkjCz7YShHPQA==
  dependencies:
    "@aws-crypto/util" "^2.0.0"
    "@aws-sdk/types" "^3.1.0"
    tslib "^1.11.1"

=======
>>>>>>> 4eba3666644fef062d0b3b063ad6b2c070000441
"@aws-crypto/ie11-detection@^2.0.0":
  version "2.0.0"
  resolved "https://registry.yarnpkg.com/@aws-crypto/ie11-detection/-/ie11-detection-2.0.0.tgz#bb6c2facf8f03457e949dcf0921477397ffa4c6e"
  integrity sha512-pkVXf/dq6PITJ0jzYZ69VhL8VFOFoPZLZqtU/12SGnzYuJOOGNfF41q9GxdI1yqC8R13Rq3jOLKDFpUJFT5eTA==
  dependencies:
    tslib "^1.11.1"

"@aws-crypto/sha256-browser@2.0.0":
  version "2.0.0"
  resolved "https://registry.yarnpkg.com/@aws-crypto/sha256-browser/-/sha256-browser-2.0.0.tgz#741c9024df55ec59b51e5b1f5d806a4852699fb5"
  integrity sha512-rYXOQ8BFOaqMEHJrLHul/25ckWH6GTJtdLSajhlqGMx0PmSueAuvboCuZCTqEKlxR8CQOwRarxYMZZSYlhRA1A==
  dependencies:
    "@aws-crypto/ie11-detection" "^2.0.0"
    "@aws-crypto/sha256-js" "^2.0.0"
    "@aws-crypto/supports-web-crypto" "^2.0.0"
    "@aws-crypto/util" "^2.0.0"
    "@aws-sdk/types" "^3.1.0"
    "@aws-sdk/util-locate-window" "^3.0.0"
    "@aws-sdk/util-utf8-browser" "^3.0.0"
    tslib "^1.11.1"

"@aws-crypto/sha256-js@2.0.0":
  version "2.0.0"
  resolved "https://registry.yarnpkg.com/@aws-crypto/sha256-js/-/sha256-js-2.0.0.tgz#f1f936039bdebd0b9e2dd834d65afdc2aac4efcb"
  integrity sha512-VZY+mCY4Nmrs5WGfitmNqXzaE873fcIZDu54cbaDaaamsaTOP1DBImV9F4pICc3EHjQXujyE8jig+PFCaew9ig==
  dependencies:
    "@aws-crypto/util" "^2.0.0"
    "@aws-sdk/types" "^3.1.0"
    tslib "^1.11.1"

"@aws-crypto/sha256-js@^2.0.0":
  version "2.0.1"
  resolved "https://registry.yarnpkg.com/@aws-crypto/sha256-js/-/sha256-js-2.0.1.tgz#79e1e6cf61f652ef2089c08d471c722ecf1626a9"
  integrity sha512-mbHTBSPBvg6o/mN/c18Z/zifM05eJrapj5ggoOIeHIWckvkv5VgGi7r/wYpt+QAO2ySKXLNvH2d8L7bne4xrMQ==
  dependencies:
    "@aws-crypto/util" "^2.0.1"
    "@aws-sdk/types" "^3.1.0"
    tslib "^1.11.1"

"@aws-crypto/supports-web-crypto@^2.0.0":
  version "2.0.0"
  resolved "https://registry.yarnpkg.com/@aws-crypto/supports-web-crypto/-/supports-web-crypto-2.0.0.tgz#fd6cde30b88f77d5a4f57b2c37c560d918014f9e"
  integrity sha512-Ge7WQ3E0OC7FHYprsZV3h0QIcpdyJLvIeg+uTuHqRYm8D6qCFJoiC+edSzSyFiHtZf+NOQDJ1q46qxjtzIY2nA==
  dependencies:
    tslib "^1.11.1"

"@aws-crypto/util@^2.0.0", "@aws-crypto/util@^2.0.1":
  version "2.0.1"
  resolved "https://registry.yarnpkg.com/@aws-crypto/util/-/util-2.0.1.tgz#976cf619cf85084ca85ec5eb947a6ac6b8b5c98c"
  integrity sha512-JJmFFwvbm08lULw4Nm5QOLg8+lAQeC8aCXK5xrtxntYzYXCGfHwUJ4Is3770Q7HmICsXthGQ+ZsDL7C2uH3yBQ==
  dependencies:
    "@aws-sdk/types" "^3.1.0"
    "@aws-sdk/util-utf8-browser" "^3.0.0"
    tslib "^1.11.1"

"@aws-sdk/abort-controller@3.127.0":
  version "3.127.0"
  resolved "https://registry.yarnpkg.com/@aws-sdk/abort-controller/-/abort-controller-3.127.0.tgz#60c98bffdb185d8eb5d3e43f30f57a32cc8687d6"
  integrity sha512-G77FLYcl9egUoD3ZmR6TX94NMqBMeT53hBGrEE3uVUJV1CwfGKfaF007mPpRZnIB3avnJBQGEK6MrwlCfv2qAw==
  dependencies:
    "@aws-sdk/types" "3.127.0"
    tslib "^2.3.1"

"@aws-sdk/client-dynamodb@^3.95.0":
<<<<<<< HEAD
  version "3.145.0"
  resolved "https://registry.yarnpkg.com/@aws-sdk/client-dynamodb/-/client-dynamodb-3.145.0.tgz#2a358e9cbb1176370488cc229d319934a6003d93"
  integrity sha512-dvy1kRTKVBiHPVrZU8aYFaHMjfoJCQ71FrhWfk5lHhLylSkRSuiffVx026Dh18b3Ob6L8N17HRAYzGV3ogAZfA==
  dependencies:
    "@aws-crypto/sha256-browser" "2.0.0"
    "@aws-crypto/sha256-js" "2.0.0"
    "@aws-sdk/client-sts" "3.145.0"
    "@aws-sdk/config-resolver" "3.130.0"
    "@aws-sdk/credential-provider-node" "3.145.0"
    "@aws-sdk/fetch-http-handler" "3.131.0"
    "@aws-sdk/hash-node" "3.127.0"
    "@aws-sdk/invalid-dependency" "3.127.0"
    "@aws-sdk/middleware-content-length" "3.127.0"
    "@aws-sdk/middleware-endpoint-discovery" "3.130.0"
=======
  version "3.128.0"
  resolved "https://registry.yarnpkg.com/@aws-sdk/client-dynamodb/-/client-dynamodb-3.128.0.tgz#e8d9f677a8153e91bb7bdcaecddeff5ec7df246b"
  integrity sha512-zW8UV6o/5Fm22NeiGDRT+F+ZAnSO5rJ9kR8yg2gB5+Ye+iLhN1rZeYR176y0qTcSaHOBPABKk9U4stZV9c9lWA==
  dependencies:
    "@aws-crypto/sha256-browser" "2.0.0"
    "@aws-crypto/sha256-js" "2.0.0"
    "@aws-sdk/client-sts" "3.128.0"
    "@aws-sdk/config-resolver" "3.128.0"
    "@aws-sdk/credential-provider-node" "3.128.0"
    "@aws-sdk/fetch-http-handler" "3.127.0"
    "@aws-sdk/hash-node" "3.127.0"
    "@aws-sdk/invalid-dependency" "3.127.0"
    "@aws-sdk/middleware-content-length" "3.127.0"
    "@aws-sdk/middleware-endpoint-discovery" "3.128.0"
>>>>>>> 4eba3666644fef062d0b3b063ad6b2c070000441
    "@aws-sdk/middleware-host-header" "3.127.0"
    "@aws-sdk/middleware-logger" "3.127.0"
    "@aws-sdk/middleware-recursion-detection" "3.127.0"
    "@aws-sdk/middleware-retry" "3.127.0"
    "@aws-sdk/middleware-serde" "3.127.0"
<<<<<<< HEAD
    "@aws-sdk/middleware-signing" "3.130.0"
=======
    "@aws-sdk/middleware-signing" "3.128.0"
>>>>>>> 4eba3666644fef062d0b3b063ad6b2c070000441
    "@aws-sdk/middleware-stack" "3.127.0"
    "@aws-sdk/middleware-user-agent" "3.127.0"
    "@aws-sdk/node-config-provider" "3.127.0"
    "@aws-sdk/node-http-handler" "3.127.0"
    "@aws-sdk/protocol-http" "3.127.0"
<<<<<<< HEAD
    "@aws-sdk/smithy-client" "3.142.0"
=======
    "@aws-sdk/smithy-client" "3.127.0"
>>>>>>> 4eba3666644fef062d0b3b063ad6b2c070000441
    "@aws-sdk/types" "3.127.0"
    "@aws-sdk/url-parser" "3.127.0"
    "@aws-sdk/util-base64-browser" "3.109.0"
    "@aws-sdk/util-base64-node" "3.55.0"
    "@aws-sdk/util-body-length-browser" "3.55.0"
    "@aws-sdk/util-body-length-node" "3.55.0"
<<<<<<< HEAD
    "@aws-sdk/util-defaults-mode-browser" "3.142.0"
    "@aws-sdk/util-defaults-mode-node" "3.142.0"
=======
    "@aws-sdk/util-defaults-mode-browser" "3.127.0"
    "@aws-sdk/util-defaults-mode-node" "3.128.0"
>>>>>>> 4eba3666644fef062d0b3b063ad6b2c070000441
    "@aws-sdk/util-user-agent-browser" "3.127.0"
    "@aws-sdk/util-user-agent-node" "3.127.0"
    "@aws-sdk/util-utf8-browser" "3.109.0"
    "@aws-sdk/util-utf8-node" "3.109.0"
    "@aws-sdk/util-waiter" "3.127.0"
    tslib "^2.3.1"
    uuid "^8.3.2"

<<<<<<< HEAD
"@aws-sdk/client-lex-runtime-v2@^3.145.0":
  version "3.145.0"
  resolved "https://registry.yarnpkg.com/@aws-sdk/client-lex-runtime-v2/-/client-lex-runtime-v2-3.145.0.tgz#bb38df2c4fdc4d593a9659dcc40dec3b97f4c23a"
  integrity sha512-uggmlk5XT7Ly5cmBBpiSLubhIM41iEbocmgCamgtIBm9j/yciyEo4dhr2UHWF1+ojyilscYoVM4LFkAl9o7A2g==
  dependencies:
    "@aws-crypto/sha256-browser" "2.0.0"
    "@aws-crypto/sha256-js" "2.0.0"
    "@aws-sdk/client-sts" "3.145.0"
    "@aws-sdk/config-resolver" "3.130.0"
    "@aws-sdk/credential-provider-node" "3.145.0"
    "@aws-sdk/eventstream-handler-node" "3.127.0"
    "@aws-sdk/eventstream-serde-browser" "3.127.0"
    "@aws-sdk/eventstream-serde-config-resolver" "3.127.0"
    "@aws-sdk/eventstream-serde-node" "3.127.0"
    "@aws-sdk/fetch-http-handler" "3.131.0"
    "@aws-sdk/hash-node" "3.127.0"
    "@aws-sdk/invalid-dependency" "3.127.0"
    "@aws-sdk/middleware-content-length" "3.127.0"
    "@aws-sdk/middleware-eventstream" "3.127.0"
=======
"@aws-sdk/client-sso@3.128.0":
  version "3.128.0"
  resolved "https://registry.yarnpkg.com/@aws-sdk/client-sso/-/client-sso-3.128.0.tgz#bc96a409c56de7c43f2be70df8aa717472065bd3"
  integrity sha512-ZfF0aT7Hk1+7GitA1rIpqMZFnsXZbktHwEFfAL9YVyw6H2gnbKJ1/cZzDrhs0s/6+7voyRfiiJatWErlHOBXfw==
  dependencies:
    "@aws-crypto/sha256-browser" "2.0.0"
    "@aws-crypto/sha256-js" "2.0.0"
    "@aws-sdk/config-resolver" "3.128.0"
    "@aws-sdk/fetch-http-handler" "3.127.0"
    "@aws-sdk/hash-node" "3.127.0"
    "@aws-sdk/invalid-dependency" "3.127.0"
    "@aws-sdk/middleware-content-length" "3.127.0"
>>>>>>> 4eba3666644fef062d0b3b063ad6b2c070000441
    "@aws-sdk/middleware-host-header" "3.127.0"
    "@aws-sdk/middleware-logger" "3.127.0"
    "@aws-sdk/middleware-recursion-detection" "3.127.0"
    "@aws-sdk/middleware-retry" "3.127.0"
    "@aws-sdk/middleware-serde" "3.127.0"
<<<<<<< HEAD
    "@aws-sdk/middleware-signing" "3.130.0"
=======
>>>>>>> 4eba3666644fef062d0b3b063ad6b2c070000441
    "@aws-sdk/middleware-stack" "3.127.0"
    "@aws-sdk/middleware-user-agent" "3.127.0"
    "@aws-sdk/node-config-provider" "3.127.0"
    "@aws-sdk/node-http-handler" "3.127.0"
    "@aws-sdk/protocol-http" "3.127.0"
<<<<<<< HEAD
    "@aws-sdk/smithy-client" "3.142.0"
=======
    "@aws-sdk/smithy-client" "3.127.0"
>>>>>>> 4eba3666644fef062d0b3b063ad6b2c070000441
    "@aws-sdk/types" "3.127.0"
    "@aws-sdk/url-parser" "3.127.0"
    "@aws-sdk/util-base64-browser" "3.109.0"
    "@aws-sdk/util-base64-node" "3.55.0"
    "@aws-sdk/util-body-length-browser" "3.55.0"
    "@aws-sdk/util-body-length-node" "3.55.0"
<<<<<<< HEAD
    "@aws-sdk/util-defaults-mode-browser" "3.142.0"
    "@aws-sdk/util-defaults-mode-node" "3.142.0"
=======
    "@aws-sdk/util-defaults-mode-browser" "3.127.0"
    "@aws-sdk/util-defaults-mode-node" "3.128.0"
>>>>>>> 4eba3666644fef062d0b3b063ad6b2c070000441
    "@aws-sdk/util-user-agent-browser" "3.127.0"
    "@aws-sdk/util-user-agent-node" "3.127.0"
    "@aws-sdk/util-utf8-browser" "3.109.0"
    "@aws-sdk/util-utf8-node" "3.109.0"
    tslib "^2.3.1"

<<<<<<< HEAD
"@aws-sdk/client-sso@3.145.0":
  version "3.145.0"
  resolved "https://registry.yarnpkg.com/@aws-sdk/client-sso/-/client-sso-3.145.0.tgz#039943d3277817ae8fa20f615017e2f25f3068ef"
  integrity sha512-Z5mbzXB3V0JJzga/MSjTpr+Hq0htxiHO2DNg/q1IeNrKUKDBwEO7MrcGURS/tCPZgyeyNZY08hkXN9ixtoE1HA==
  dependencies:
    "@aws-crypto/sha256-browser" "2.0.0"
    "@aws-crypto/sha256-js" "2.0.0"
    "@aws-sdk/config-resolver" "3.130.0"
    "@aws-sdk/fetch-http-handler" "3.131.0"
=======
"@aws-sdk/client-sts@3.128.0":
  version "3.128.0"
  resolved "https://registry.yarnpkg.com/@aws-sdk/client-sts/-/client-sts-3.128.0.tgz#96a87f169a9a0eadaaa1c0e4090780c102a3a887"
  integrity sha512-Yjo0DAEHu/a7znqe5JNjnsGQFCDTVJ50LOrPnXh8CHVeZT8wDvE/jsRM+1XL4J4Ssqj8P5SWIGtwmFv8hv5ZDg==
  dependencies:
    "@aws-crypto/sha256-browser" "2.0.0"
    "@aws-crypto/sha256-js" "2.0.0"
    "@aws-sdk/config-resolver" "3.128.0"
    "@aws-sdk/credential-provider-node" "3.128.0"
    "@aws-sdk/fetch-http-handler" "3.127.0"
>>>>>>> 4eba3666644fef062d0b3b063ad6b2c070000441
    "@aws-sdk/hash-node" "3.127.0"
    "@aws-sdk/invalid-dependency" "3.127.0"
    "@aws-sdk/middleware-content-length" "3.127.0"
    "@aws-sdk/middleware-host-header" "3.127.0"
    "@aws-sdk/middleware-logger" "3.127.0"
    "@aws-sdk/middleware-recursion-detection" "3.127.0"
    "@aws-sdk/middleware-retry" "3.127.0"
<<<<<<< HEAD
    "@aws-sdk/middleware-serde" "3.127.0"
=======
    "@aws-sdk/middleware-sdk-sts" "3.128.0"
    "@aws-sdk/middleware-serde" "3.127.0"
    "@aws-sdk/middleware-signing" "3.128.0"
>>>>>>> 4eba3666644fef062d0b3b063ad6b2c070000441
    "@aws-sdk/middleware-stack" "3.127.0"
    "@aws-sdk/middleware-user-agent" "3.127.0"
    "@aws-sdk/node-config-provider" "3.127.0"
    "@aws-sdk/node-http-handler" "3.127.0"
    "@aws-sdk/protocol-http" "3.127.0"
<<<<<<< HEAD
    "@aws-sdk/smithy-client" "3.142.0"
=======
    "@aws-sdk/smithy-client" "3.127.0"
>>>>>>> 4eba3666644fef062d0b3b063ad6b2c070000441
    "@aws-sdk/types" "3.127.0"
    "@aws-sdk/url-parser" "3.127.0"
    "@aws-sdk/util-base64-browser" "3.109.0"
    "@aws-sdk/util-base64-node" "3.55.0"
    "@aws-sdk/util-body-length-browser" "3.55.0"
    "@aws-sdk/util-body-length-node" "3.55.0"
<<<<<<< HEAD
    "@aws-sdk/util-defaults-mode-browser" "3.142.0"
    "@aws-sdk/util-defaults-mode-node" "3.142.0"
    "@aws-sdk/util-user-agent-browser" "3.127.0"
    "@aws-sdk/util-user-agent-node" "3.127.0"
    "@aws-sdk/util-utf8-browser" "3.109.0"
    "@aws-sdk/util-utf8-node" "3.109.0"
    tslib "^2.3.1"

"@aws-sdk/client-sts@3.145.0":
  version "3.145.0"
  resolved "https://registry.yarnpkg.com/@aws-sdk/client-sts/-/client-sts-3.145.0.tgz#bd8c9afdb79bffd6fe23b87ea62ef382625c9c32"
  integrity sha512-6mKLV/0CYkUokFyVDyAw3QyIzzNvYg2u7l8HrsqIKrhLGKtYJn7Mph4P50UHExY8kMTk5IcQDF27JZBTKIw5FQ==
  dependencies:
    "@aws-crypto/sha256-browser" "2.0.0"
    "@aws-crypto/sha256-js" "2.0.0"
    "@aws-sdk/config-resolver" "3.130.0"
    "@aws-sdk/credential-provider-node" "3.145.0"
    "@aws-sdk/fetch-http-handler" "3.131.0"
    "@aws-sdk/hash-node" "3.127.0"
    "@aws-sdk/invalid-dependency" "3.127.0"
    "@aws-sdk/middleware-content-length" "3.127.0"
    "@aws-sdk/middleware-host-header" "3.127.0"
    "@aws-sdk/middleware-logger" "3.127.0"
    "@aws-sdk/middleware-recursion-detection" "3.127.0"
    "@aws-sdk/middleware-retry" "3.127.0"
    "@aws-sdk/middleware-sdk-sts" "3.130.0"
    "@aws-sdk/middleware-serde" "3.127.0"
    "@aws-sdk/middleware-signing" "3.130.0"
    "@aws-sdk/middleware-stack" "3.127.0"
    "@aws-sdk/middleware-user-agent" "3.127.0"
    "@aws-sdk/node-config-provider" "3.127.0"
    "@aws-sdk/node-http-handler" "3.127.0"
    "@aws-sdk/protocol-http" "3.127.0"
    "@aws-sdk/smithy-client" "3.142.0"
    "@aws-sdk/types" "3.127.0"
    "@aws-sdk/url-parser" "3.127.0"
    "@aws-sdk/util-base64-browser" "3.109.0"
    "@aws-sdk/util-base64-node" "3.55.0"
    "@aws-sdk/util-body-length-browser" "3.55.0"
    "@aws-sdk/util-body-length-node" "3.55.0"
    "@aws-sdk/util-defaults-mode-browser" "3.142.0"
    "@aws-sdk/util-defaults-mode-node" "3.142.0"
=======
    "@aws-sdk/util-defaults-mode-browser" "3.127.0"
    "@aws-sdk/util-defaults-mode-node" "3.128.0"
>>>>>>> 4eba3666644fef062d0b3b063ad6b2c070000441
    "@aws-sdk/util-user-agent-browser" "3.127.0"
    "@aws-sdk/util-user-agent-node" "3.127.0"
    "@aws-sdk/util-utf8-browser" "3.109.0"
    "@aws-sdk/util-utf8-node" "3.109.0"
    entities "2.2.0"
    fast-xml-parser "3.19.0"
    tslib "^2.3.1"

<<<<<<< HEAD
"@aws-sdk/config-resolver@3.130.0":
  version "3.130.0"
  resolved "https://registry.yarnpkg.com/@aws-sdk/config-resolver/-/config-resolver-3.130.0.tgz#ba0fa915fa5613e87051a9826531e59cab4387b1"
  integrity sha512-7dkCHHI9kRcHW6YNr9/2Ub6XkvU9Fu6H/BnlKbaKlDR8jq7QpaFhPhctOVi5D/NDpxJgALifexFne0dvo3piTw==
  dependencies:
    "@aws-sdk/signature-v4" "3.130.0"
=======
"@aws-sdk/config-resolver@3.128.0":
  version "3.128.0"
  resolved "https://registry.yarnpkg.com/@aws-sdk/config-resolver/-/config-resolver-3.128.0.tgz#395b4676dfb24fd1afb6bd1a4c0831007816cdca"
  integrity sha512-AAT29/S3Zk4hNxZ+kvdBj3uZL7JI4b6NOpnpK0RvnozvMRccOCi0N+8rGr5sZAvzQfA/Gej7SosH5Mie7WZ+eA==
  dependencies:
    "@aws-sdk/signature-v4" "3.128.0"
>>>>>>> 4eba3666644fef062d0b3b063ad6b2c070000441
    "@aws-sdk/types" "3.127.0"
    "@aws-sdk/util-config-provider" "3.109.0"
    "@aws-sdk/util-middleware" "3.127.0"
    tslib "^2.3.1"

"@aws-sdk/credential-provider-env@3.127.0":
  version "3.127.0"
  resolved "https://registry.yarnpkg.com/@aws-sdk/credential-provider-env/-/credential-provider-env-3.127.0.tgz#06eb67461f7df8feb14abd3b459f682544d78e43"
  integrity sha512-Ig7XhUikRBlnRTYT5JBGzWfYZp68X5vkFVIFCmsHHt/qVy0Nz9raZpmDHicdS1u67yxDkWgCPn/bNevWnM0GFg==
  dependencies:
    "@aws-sdk/property-provider" "3.127.0"
    "@aws-sdk/types" "3.127.0"
    tslib "^2.3.1"

"@aws-sdk/credential-provider-imds@3.127.0":
  version "3.127.0"
  resolved "https://registry.yarnpkg.com/@aws-sdk/credential-provider-imds/-/credential-provider-imds-3.127.0.tgz#1fc7b40bf21adcc2a897e47b72796bd8ebcc7d86"
  integrity sha512-I6KlIBBzmJn/U1KikiC50PK3SspT9G5lkVLBaW5a6YfOcijqVTXfAN3kYzqhfeS0j4IgfJEwKVsjsZfmprJO5A==
  dependencies:
    "@aws-sdk/node-config-provider" "3.127.0"
    "@aws-sdk/property-provider" "3.127.0"
    "@aws-sdk/types" "3.127.0"
    "@aws-sdk/url-parser" "3.127.0"
    tslib "^2.3.1"

<<<<<<< HEAD
"@aws-sdk/credential-provider-ini@3.145.0":
  version "3.145.0"
  resolved "https://registry.yarnpkg.com/@aws-sdk/credential-provider-ini/-/credential-provider-ini-3.145.0.tgz#dda74a080e3536b41c0d1df7852745939c30d12a"
  integrity sha512-i4cMYI18sj9T8peXP8EsOv86mR6exDl2O2bYO84ej53Ln78HRuJunyipGdF29vjea6SRTA8odUaA/TbsdxGouA==
  dependencies:
    "@aws-sdk/credential-provider-env" "3.127.0"
    "@aws-sdk/credential-provider-imds" "3.127.0"
    "@aws-sdk/credential-provider-sso" "3.145.0"
=======
"@aws-sdk/credential-provider-ini@3.128.0":
  version "3.128.0"
  resolved "https://registry.yarnpkg.com/@aws-sdk/credential-provider-ini/-/credential-provider-ini-3.128.0.tgz#7a4b27533a2f5cdb3cfbbec1c35eb5247767db6b"
  integrity sha512-0b5ygONMPssz+XYY6ROUDbuleef369TNRqM0k8/02RhLULkJxVwYeEb+0zJK/bKdUo11eXGQ+bhPxi9o0u39zQ==
  dependencies:
    "@aws-sdk/credential-provider-env" "3.127.0"
    "@aws-sdk/credential-provider-imds" "3.127.0"
    "@aws-sdk/credential-provider-sso" "3.128.0"
>>>>>>> 4eba3666644fef062d0b3b063ad6b2c070000441
    "@aws-sdk/credential-provider-web-identity" "3.127.0"
    "@aws-sdk/property-provider" "3.127.0"
    "@aws-sdk/shared-ini-file-loader" "3.127.0"
    "@aws-sdk/types" "3.127.0"
    tslib "^2.3.1"

<<<<<<< HEAD
"@aws-sdk/credential-provider-node@3.145.0":
  version "3.145.0"
  resolved "https://registry.yarnpkg.com/@aws-sdk/credential-provider-node/-/credential-provider-node-3.145.0.tgz#cc6ec178906677131cee05fdc992e1ca786d875b"
  integrity sha512-wtIeCPuFjoBOZUOHD2u68wLZTcrXDF64JsufDgUYdXiONXG7QKwYoFkHm8VldmgrqysH0dND4eHf8bPUuxzzXg==
  dependencies:
    "@aws-sdk/credential-provider-env" "3.127.0"
    "@aws-sdk/credential-provider-imds" "3.127.0"
    "@aws-sdk/credential-provider-ini" "3.145.0"
    "@aws-sdk/credential-provider-process" "3.127.0"
    "@aws-sdk/credential-provider-sso" "3.145.0"
=======
"@aws-sdk/credential-provider-node@3.128.0":
  version "3.128.0"
  resolved "https://registry.yarnpkg.com/@aws-sdk/credential-provider-node/-/credential-provider-node-3.128.0.tgz#316f286ae2db752add1b2985e9a0352ea4bea7ba"
  integrity sha512-z1vKKorLJyQAYkIsSgNTe58SGEcGJW/yT0XZJ7E+wPsEwjNpRi2AgzsTxV3Oq8fAQ5Tl0/dPeWH2ZCVlEdBfMw==
  dependencies:
    "@aws-sdk/credential-provider-env" "3.127.0"
    "@aws-sdk/credential-provider-imds" "3.127.0"
    "@aws-sdk/credential-provider-ini" "3.128.0"
    "@aws-sdk/credential-provider-process" "3.127.0"
    "@aws-sdk/credential-provider-sso" "3.128.0"
>>>>>>> 4eba3666644fef062d0b3b063ad6b2c070000441
    "@aws-sdk/credential-provider-web-identity" "3.127.0"
    "@aws-sdk/property-provider" "3.127.0"
    "@aws-sdk/shared-ini-file-loader" "3.127.0"
    "@aws-sdk/types" "3.127.0"
    tslib "^2.3.1"

"@aws-sdk/credential-provider-process@3.127.0":
  version "3.127.0"
  resolved "https://registry.yarnpkg.com/@aws-sdk/credential-provider-process/-/credential-provider-process-3.127.0.tgz#6046a20013a3edd58b631668ed1d73dfd63a931c"
  integrity sha512-6v0m2lqkO9J5fNlTl+HjriQNIdfg8mjVST544+5y9EnC/FVmTnIz64vfHveWdNkP/fehFx7wTimNENtoSqCn3A==
  dependencies:
    "@aws-sdk/property-provider" "3.127.0"
    "@aws-sdk/shared-ini-file-loader" "3.127.0"
    "@aws-sdk/types" "3.127.0"
    tslib "^2.3.1"

<<<<<<< HEAD
"@aws-sdk/credential-provider-sso@3.145.0":
  version "3.145.0"
  resolved "https://registry.yarnpkg.com/@aws-sdk/credential-provider-sso/-/credential-provider-sso-3.145.0.tgz#217621bd736553c29279cc52932e4e4662bd9442"
  integrity sha512-F08vQYsTOm4B9PqLIzER2fjp/89Owy4ZedB88UA+kLNGwNZX/6L6CAVOCZlefyaQB9t9x4YpWim5XWh8hheceQ==
  dependencies:
    "@aws-sdk/client-sso" "3.145.0"
=======
"@aws-sdk/credential-provider-sso@3.128.0":
  version "3.128.0"
  resolved "https://registry.yarnpkg.com/@aws-sdk/credential-provider-sso/-/credential-provider-sso-3.128.0.tgz#68fb726cee0e675d7b785d2fd01d24056b6bef10"
  integrity sha512-psuyyOsenq7Al/TIhEyeuHY5H7wvjM1G3+EU4S+2KfLXxu8AXsohecKy+oYaYTf7cu8P4Y7Vhc400kJLVzzhLQ==
  dependencies:
    "@aws-sdk/client-sso" "3.128.0"
>>>>>>> 4eba3666644fef062d0b3b063ad6b2c070000441
    "@aws-sdk/property-provider" "3.127.0"
    "@aws-sdk/shared-ini-file-loader" "3.127.0"
    "@aws-sdk/types" "3.127.0"
    tslib "^2.3.1"

"@aws-sdk/credential-provider-web-identity@3.127.0":
  version "3.127.0"
  resolved "https://registry.yarnpkg.com/@aws-sdk/credential-provider-web-identity/-/credential-provider-web-identity-3.127.0.tgz#a56c390bf0148f20573abd022930b28df345043a"
  integrity sha512-85ahDZnLYB3dqkW+cQ0bWt+NVqOoxomTrJoq3IC2q6muebeFrJ0pyf0JEW/RNRzBiUvvsZujzGdWifzWyQKfVg==
  dependencies:
    "@aws-sdk/property-provider" "3.127.0"
    "@aws-sdk/types" "3.127.0"
    tslib "^2.3.1"

"@aws-sdk/endpoint-cache@3.55.0":
  version "3.55.0"
  resolved "https://registry.yarnpkg.com/@aws-sdk/endpoint-cache/-/endpoint-cache-3.55.0.tgz#b4be2cb363af005a67c2a6f938f06fcbbbbbccf8"
  integrity sha512-kxDoHFDuQwZEEUZRp+ZLOg68EXuKPzUN86DcpIZantDVcmu7MSPTbbQp9DZd8MnKVEKCP7Sop5f7zCqOPl3LXw==
  dependencies:
    mnemonist "0.38.3"
    tslib "^2.3.1"

<<<<<<< HEAD
"@aws-sdk/eventstream-codec@3.127.0":
  version "3.127.0"
  resolved "https://registry.yarnpkg.com/@aws-sdk/eventstream-codec/-/eventstream-codec-3.127.0.tgz#a51497e5dbd39edbfc68839bb6d2906654e716cd"
  integrity sha512-+Tlujx3VkB4DK8tYzG0rwxIE0ee6hWItQgSEREEmi5CwHQFw7VpRLYAShYabEx9wIJmRFObWzhlKxWNRi+TfaA==
  dependencies:
    "@aws-crypto/crc32" "2.0.0"
    "@aws-sdk/types" "3.127.0"
    "@aws-sdk/util-hex-encoding" "3.109.0"
    tslib "^2.3.1"

"@aws-sdk/eventstream-handler-node@3.127.0":
  version "3.127.0"
  resolved "https://registry.yarnpkg.com/@aws-sdk/eventstream-handler-node/-/eventstream-handler-node-3.127.0.tgz#6e4a2ba4f6f963827918d678565d6d908eadf251"
  integrity sha512-+os5amWVcAipY11Vfec3Tak2N9w811Tn2u6B0OvJbGpojN1I0XyhMUDCZJzPonLzUZCVN8SoIGI+7S/A/qlJgQ==
  dependencies:
    "@aws-sdk/eventstream-codec" "3.127.0"
    "@aws-sdk/types" "3.127.0"
    tslib "^2.3.1"

"@aws-sdk/eventstream-serde-browser@3.127.0":
  version "3.127.0"
  resolved "https://registry.yarnpkg.com/@aws-sdk/eventstream-serde-browser/-/eventstream-serde-browser-3.127.0.tgz#128f8822acaec7ec1b43a6aeab247a518f01e018"
  integrity sha512-d1rTK4ljEp3Y/BQ78/AJ7eqgGyI6TE0bxNosCmXWcUBv00Tr5cerPqPe7Zvw8XwIMPX5y8cjtd1/cOtB2ePaBw==
  dependencies:
    "@aws-sdk/eventstream-serde-universal" "3.127.0"
    "@aws-sdk/types" "3.127.0"
    tslib "^2.3.1"

"@aws-sdk/eventstream-serde-config-resolver@3.127.0":
  version "3.127.0"
  resolved "https://registry.yarnpkg.com/@aws-sdk/eventstream-serde-config-resolver/-/eventstream-serde-config-resolver-3.127.0.tgz#2184d7441db1cf5909a7dd6720a224f7c2084740"
  integrity sha512-dYvLfQYcKLOFtZVgwLwKDCykAxNkDyDLQRWytJK9DHCyjRig66IKi1codts9vOy4j0CeYwnXWs5WDavrUaE05g==
  dependencies:
    "@aws-sdk/types" "3.127.0"
    tslib "^2.3.1"

"@aws-sdk/eventstream-serde-node@3.127.0":
  version "3.127.0"
  resolved "https://registry.yarnpkg.com/@aws-sdk/eventstream-serde-node/-/eventstream-serde-node-3.127.0.tgz#cad3b376a4dd1634dfaa99b49519b0f2ccf09b46"
  integrity sha512-Ie59jZYAIw3Kt6GePvEilp1k3JoYEQpY3WIyVZltm3dkVf0GmzhCZrPROH9vgF3qApzu1aGOWDV2wX91poXF8A==
  dependencies:
    "@aws-sdk/eventstream-serde-universal" "3.127.0"
    "@aws-sdk/types" "3.127.0"
    tslib "^2.3.1"

"@aws-sdk/eventstream-serde-universal@3.127.0":
  version "3.127.0"
  resolved "https://registry.yarnpkg.com/@aws-sdk/eventstream-serde-universal/-/eventstream-serde-universal-3.127.0.tgz#f0335cddbf55b8a3d5c5364cecac3f3c8bfbb212"
  integrity sha512-cJLSTtYDGTevknMTykzHpcDNRbD6yGve8FBUKSAczuNVjXZOedj0GbHJqkASuLj0ZnojbKBdCx4uu1XGyvubng==
  dependencies:
    "@aws-sdk/eventstream-codec" "3.127.0"
    "@aws-sdk/types" "3.127.0"
    tslib "^2.3.1"

"@aws-sdk/fetch-http-handler@3.131.0":
  version "3.131.0"
  resolved "https://registry.yarnpkg.com/@aws-sdk/fetch-http-handler/-/fetch-http-handler-3.131.0.tgz#426721ba3c4e7687a6c12ce10bdc661900325815"
  integrity sha512-eNxmPZQX2IUeBGWHNC7eNTekWn9VIPLYEMKJbKYUBJryxuTJ7TtLeyEK5oakUjMwP1AUvWT+CV7C+8L7uG1omQ==
=======
"@aws-sdk/fetch-http-handler@3.127.0":
  version "3.127.0"
  resolved "https://registry.yarnpkg.com/@aws-sdk/fetch-http-handler/-/fetch-http-handler-3.127.0.tgz#31aa0ad84acdd868fbd629bd5ea6fc1f1ea66a0a"
  integrity sha512-Z+KGGcG9pBdOmFEI+YJZFPlM55h5IaBuvcUdGjXlqWDaGHRtnsm91PrUxTvqd2XJkgfsaNrzbhAy7+UyAGmBog==
>>>>>>> 4eba3666644fef062d0b3b063ad6b2c070000441
  dependencies:
    "@aws-sdk/protocol-http" "3.127.0"
    "@aws-sdk/querystring-builder" "3.127.0"
    "@aws-sdk/types" "3.127.0"
    "@aws-sdk/util-base64-browser" "3.109.0"
    tslib "^2.3.1"

"@aws-sdk/hash-node@3.127.0":
  version "3.127.0"
  resolved "https://registry.yarnpkg.com/@aws-sdk/hash-node/-/hash-node-3.127.0.tgz#2fbbeb509a515e6a5cfd6846c02cc1967961a40b"
  integrity sha512-wx7DKlXdKebH4JcMsOevdsm2oDNMVm36kuMm0XWRIrFWQ/oq7OquDpEMJzWvGqWF/IfFUpb7FhAWZZpALwlcwA==
  dependencies:
    "@aws-sdk/types" "3.127.0"
    "@aws-sdk/util-buffer-from" "3.55.0"
    tslib "^2.3.1"

"@aws-sdk/invalid-dependency@3.127.0":
  version "3.127.0"
  resolved "https://registry.yarnpkg.com/@aws-sdk/invalid-dependency/-/invalid-dependency-3.127.0.tgz#3a99603e1969f67278495b827243e9a391b8cfc4"
  integrity sha512-bxvmtmJ6gIRfOHvh1jAPZBH2mzppEblPjEOFo4mOzXz4U3qPIxeuukCjboMnGK9QEpV2wObWcYYld0vxoRrfiA==
  dependencies:
    "@aws-sdk/types" "3.127.0"
    tslib "^2.3.1"

"@aws-sdk/is-array-buffer@3.55.0":
  version "3.55.0"
  resolved "https://registry.yarnpkg.com/@aws-sdk/is-array-buffer/-/is-array-buffer-3.55.0.tgz#c46122c5636f01d5895e5256a587768c3425ea7a"
  integrity sha512-NbiPHVYuPxdqdFd6FxzzN3H1BQn/iWA3ri3Ry7AyLeP/tGs1yzEWMwf8BN8TSMALI0GXT6Sh0GDWy3Ok5xB6DA==
  dependencies:
    tslib "^2.3.1"

"@aws-sdk/lib-dynamodb@^3.95.0":
<<<<<<< HEAD
  version "3.145.0"
  resolved "https://registry.yarnpkg.com/@aws-sdk/lib-dynamodb/-/lib-dynamodb-3.145.0.tgz#75e08c661568a534f436b8f6ef9680d82ef7111b"
  integrity sha512-8w5cEbeDYzvJtnlBIT6H41+NDe2XG0OGOrYr5ZFbCRlPwX1sPW7FAx6jhqgUvEAhi15MLh5kVaDwjK1w1k8prw==
  dependencies:
    "@aws-sdk/util-dynamodb" "3.145.0"
=======
  version "3.128.0"
  resolved "https://registry.yarnpkg.com/@aws-sdk/lib-dynamodb/-/lib-dynamodb-3.128.0.tgz#2faaa209dc8d0bb1f9dbc5b2063c501bd1ac0c55"
  integrity sha512-Gewo6HrzWEE7C6/rSLo/rOfj+17PE3vg8fkqQ/+4iUwAbv6+Kdz/Lo/T31RROwD7XCiSYxmt/xnxNtrokB9h9g==
  dependencies:
    "@aws-sdk/util-dynamodb" "3.128.0"
>>>>>>> 4eba3666644fef062d0b3b063ad6b2c070000441
    tslib "^2.3.1"

"@aws-sdk/middleware-content-length@3.127.0":
  version "3.127.0"
  resolved "https://registry.yarnpkg.com/@aws-sdk/middleware-content-length/-/middleware-content-length-3.127.0.tgz#662c1971fdb2dd7d34a9945ebd8da52578900434"
  integrity sha512-AFmMaIEW3Rzg0TaKB9l/RENLowd7ZEEOpm0trYw1CgUUORWW/ydCsDT7pekPlC25CPbhUmWXCSA4xPFSYOVnDw==
  dependencies:
    "@aws-sdk/protocol-http" "3.127.0"
    "@aws-sdk/types" "3.127.0"
    tslib "^2.3.1"

<<<<<<< HEAD
"@aws-sdk/middleware-endpoint-discovery@3.130.0":
  version "3.130.0"
  resolved "https://registry.yarnpkg.com/@aws-sdk/middleware-endpoint-discovery/-/middleware-endpoint-discovery-3.130.0.tgz#7a0c280cff1623d9fd39e4345f38ac4fd36cc687"
  integrity sha512-CvxSnJmAxnJyIL9E7Du8S2oocYCpMFNSQ3blUKUM6+YUuEfZJpSTAZUjbB5tVneBgBhFVKAoQ5T6LORtOJLXqA==
  dependencies:
    "@aws-sdk/config-resolver" "3.130.0"
=======
"@aws-sdk/middleware-endpoint-discovery@3.128.0":
  version "3.128.0"
  resolved "https://registry.yarnpkg.com/@aws-sdk/middleware-endpoint-discovery/-/middleware-endpoint-discovery-3.128.0.tgz#dbbb2a0bc6bb5e1444fd9074067af7e65647d59c"
  integrity sha512-NzO0G/Hwk+emMwOaaqVEqwoh0sfSyEfaWGLthEpdy7QWGMt6TC5ZhejHKmHVi8Q+5u7b6PZqBvJgjv3IJW2JIg==
  dependencies:
    "@aws-sdk/config-resolver" "3.128.0"
>>>>>>> 4eba3666644fef062d0b3b063ad6b2c070000441
    "@aws-sdk/endpoint-cache" "3.55.0"
    "@aws-sdk/protocol-http" "3.127.0"
    "@aws-sdk/types" "3.127.0"
    tslib "^2.3.1"

<<<<<<< HEAD
"@aws-sdk/middleware-eventstream@3.127.0":
  version "3.127.0"
  resolved "https://registry.yarnpkg.com/@aws-sdk/middleware-eventstream/-/middleware-eventstream-3.127.0.tgz#4a7b02e17cf11cc1ccdccd0c91e38c915dfdd3ec"
  integrity sha512-mCjdJwHKPGvLmhvDJThcvZgfYXowe8Iooh8TKktf4hZ4Oeye1H/aagAjr/Y4uyxqH674br12BgIzcCyGDjT/Gw==
  dependencies:
    "@aws-sdk/protocol-http" "3.127.0"
    "@aws-sdk/types" "3.127.0"
    tslib "^2.3.1"

=======
>>>>>>> 4eba3666644fef062d0b3b063ad6b2c070000441
"@aws-sdk/middleware-host-header@3.127.0":
  version "3.127.0"
  resolved "https://registry.yarnpkg.com/@aws-sdk/middleware-host-header/-/middleware-host-header-3.127.0.tgz#679f685bd8b4f221ed2c11e90b381d6904034ef9"
  integrity sha512-e2gTLJb5lYP9lRV7hN3rKY2l4jv8OygOoHElZJ3Z8KPZskjHelYPcQ8XbdfhSXXxC3vc/0QqN0ResFt3W3Pplg==
  dependencies:
    "@aws-sdk/protocol-http" "3.127.0"
    "@aws-sdk/types" "3.127.0"
    tslib "^2.3.1"

"@aws-sdk/middleware-logger@3.127.0":
  version "3.127.0"
  resolved "https://registry.yarnpkg.com/@aws-sdk/middleware-logger/-/middleware-logger-3.127.0.tgz#b62fd148888f418bd74b0c9d76b80588224ee98f"
  integrity sha512-jMNLcZB/ECA7OfkNBLNeAlrLRehyfnUeNQJHW3kcxs9h1+6VxaF6wY+WKozszLI7/3OBzQrFHBQCfRZV7ykSLg==
  dependencies:
    "@aws-sdk/types" "3.127.0"
    tslib "^2.3.1"

"@aws-sdk/middleware-recursion-detection@3.127.0":
  version "3.127.0"
  resolved "https://registry.yarnpkg.com/@aws-sdk/middleware-recursion-detection/-/middleware-recursion-detection-3.127.0.tgz#84949efd4a05a4d00da3e9242825e3c9d715f800"
  integrity sha512-tB6WX+Z1kUKTnn5h38XFrTCzoqPKjUZLUjN4Wb27/cbeSiTSKGAZcCXHOJm36Ukorl5arlybQTqGe689EU00Hw==
  dependencies:
    "@aws-sdk/protocol-http" "3.127.0"
    "@aws-sdk/types" "3.127.0"
    tslib "^2.3.1"

"@aws-sdk/middleware-retry@3.127.0":
  version "3.127.0"
  resolved "https://registry.yarnpkg.com/@aws-sdk/middleware-retry/-/middleware-retry-3.127.0.tgz#bcd0741ed676588101739083c6bd141d5c1911e1"
  integrity sha512-ZSvg/AyGUacWnf3i8ZbyImtiCH+NyafF8uV7bITP7JkwPrG+VdNocJZOr88GRM0c1A0jfkOf7+oq+fInPwwiNA==
  dependencies:
    "@aws-sdk/protocol-http" "3.127.0"
    "@aws-sdk/service-error-classification" "3.127.0"
    "@aws-sdk/types" "3.127.0"
    "@aws-sdk/util-middleware" "3.127.0"
    tslib "^2.3.1"
    uuid "^8.3.2"

<<<<<<< HEAD
"@aws-sdk/middleware-sdk-sts@3.130.0":
  version "3.130.0"
  resolved "https://registry.yarnpkg.com/@aws-sdk/middleware-sdk-sts/-/middleware-sdk-sts-3.130.0.tgz#b8dc87c25db048ae8b91962459dfaec5d5b48a8f"
  integrity sha512-FDfs7+ohbhEK3eH3Dshr6JDiL8P72bp3ffeNpPBXuURFqwt4pCmjHuX3SqQR0JIJ2cl3aIdxc17rKaZJfOjtPw==
  dependencies:
    "@aws-sdk/middleware-signing" "3.130.0"
    "@aws-sdk/property-provider" "3.127.0"
    "@aws-sdk/protocol-http" "3.127.0"
    "@aws-sdk/signature-v4" "3.130.0"
=======
"@aws-sdk/middleware-sdk-sts@3.128.0":
  version "3.128.0"
  resolved "https://registry.yarnpkg.com/@aws-sdk/middleware-sdk-sts/-/middleware-sdk-sts-3.128.0.tgz#fa636e7c75b037251fda3b2bef26e9bcaaa39cd9"
  integrity sha512-mYuOKmLwVVakGYxfW9tOuu327FMJZKKY6W3E81wmU7/6BwPuwJb71leNhpdlC0KqGHqOLruzsFcEq/J719G77Q==
  dependencies:
    "@aws-sdk/middleware-signing" "3.128.0"
    "@aws-sdk/property-provider" "3.127.0"
    "@aws-sdk/protocol-http" "3.127.0"
    "@aws-sdk/signature-v4" "3.128.0"
>>>>>>> 4eba3666644fef062d0b3b063ad6b2c070000441
    "@aws-sdk/types" "3.127.0"
    tslib "^2.3.1"

"@aws-sdk/middleware-serde@3.127.0":
  version "3.127.0"
  resolved "https://registry.yarnpkg.com/@aws-sdk/middleware-serde/-/middleware-serde-3.127.0.tgz#8732d71ed0d28c43e609fcc156b1a1ac307c0d5f"
  integrity sha512-xmWMYV/t9M+b9yHjqaD1noDNJJViI2QwOH7TQZ9VbbrvdVtDrFuS9Sf9He80TBCJqeHShwQN9783W1I3Pu/8kw==
  dependencies:
    "@aws-sdk/types" "3.127.0"
    tslib "^2.3.1"

<<<<<<< HEAD
"@aws-sdk/middleware-signing@3.130.0":
  version "3.130.0"
  resolved "https://registry.yarnpkg.com/@aws-sdk/middleware-signing/-/middleware-signing-3.130.0.tgz#10c5606cf6cd32cf9afa857b0ff32659460902a7"
  integrity sha512-JePq5XLR9TfRN3RQ0d7Za/bEW5D3xgtD1FNAwHeenWALeozMuQgRPjM5RroCnL/5jY3wuvCZI7cSXeqhawWqmA==
  dependencies:
    "@aws-sdk/property-provider" "3.127.0"
    "@aws-sdk/protocol-http" "3.127.0"
    "@aws-sdk/signature-v4" "3.130.0"
=======
"@aws-sdk/middleware-signing@3.128.0":
  version "3.128.0"
  resolved "https://registry.yarnpkg.com/@aws-sdk/middleware-signing/-/middleware-signing-3.128.0.tgz#0efda8ac3f4ae8c8f4484688d7a839ab2cc35adf"
  integrity sha512-xzGS+zS0HPcl3RM+MrG+NClc4gVWMiCNmkqP9IMzEnlB4QWfw1kfPC9Ah/HMEC8iajNXjg8soTNIODZ1aT1QKQ==
  dependencies:
    "@aws-sdk/property-provider" "3.127.0"
    "@aws-sdk/protocol-http" "3.127.0"
    "@aws-sdk/signature-v4" "3.128.0"
>>>>>>> 4eba3666644fef062d0b3b063ad6b2c070000441
    "@aws-sdk/types" "3.127.0"
    tslib "^2.3.1"

"@aws-sdk/middleware-stack@3.127.0":
  version "3.127.0"
  resolved "https://registry.yarnpkg.com/@aws-sdk/middleware-stack/-/middleware-stack-3.127.0.tgz#d569d964256cdd4a5afd149de325296cf19762f6"
  integrity sha512-S1IoUE5o1vCmjsF5nIE8zlItNOM1UE+lhmZeigF7knXJ9+a6ewMB6POAj/s4eoi0wcn0eSnAGsqJCWMSUjOPLA==
  dependencies:
    tslib "^2.3.1"

"@aws-sdk/middleware-user-agent@3.127.0":
  version "3.127.0"
  resolved "https://registry.yarnpkg.com/@aws-sdk/middleware-user-agent/-/middleware-user-agent-3.127.0.tgz#f676aac4ddaba64bb12b6d69b0ed7328479cf798"
  integrity sha512-CHxgswoOzdkOEoIq7Oyob3Sx/4FYUv6BhUesAX7MNshaDDsTQPbSWjw5bqZDiL/gO+X/34fvqCVVpVD2GvxW/g==
  dependencies:
    "@aws-sdk/protocol-http" "3.127.0"
    "@aws-sdk/types" "3.127.0"
    tslib "^2.3.1"

"@aws-sdk/node-config-provider@3.127.0":
  version "3.127.0"
  resolved "https://registry.yarnpkg.com/@aws-sdk/node-config-provider/-/node-config-provider-3.127.0.tgz#43a460526f0c24a661264189712e0ff5475e9b45"
  integrity sha512-bAHkASMhLZHT1yv2TX6OJGFV9Lc3t1gKfTMEKdXM2O2YhGfSx9A/qLeJm79oDfnILWQtSS2NicxlRDI2lYGf4g==
  dependencies:
    "@aws-sdk/property-provider" "3.127.0"
    "@aws-sdk/shared-ini-file-loader" "3.127.0"
    "@aws-sdk/types" "3.127.0"
    tslib "^2.3.1"

"@aws-sdk/node-http-handler@3.127.0":
  version "3.127.0"
  resolved "https://registry.yarnpkg.com/@aws-sdk/node-http-handler/-/node-http-handler-3.127.0.tgz#81c0a34061b233027bc673f3359c36555c0688d7"
  integrity sha512-pyMKvheK8eDwWLgYIRsWy8wiyhsbYYcqkZQs3Eh6upI4E8iCY7eMmhWvHYCibvsO+UjsOwa4cAMOfwnv/Z9s8A==
  dependencies:
    "@aws-sdk/abort-controller" "3.127.0"
    "@aws-sdk/protocol-http" "3.127.0"
    "@aws-sdk/querystring-builder" "3.127.0"
    "@aws-sdk/types" "3.127.0"
    tslib "^2.3.1"

"@aws-sdk/property-provider@3.127.0":
  version "3.127.0"
  resolved "https://registry.yarnpkg.com/@aws-sdk/property-provider/-/property-provider-3.127.0.tgz#3b70d23354c35ea04c29c97f05cc4108c2e194ba"
  integrity sha512-JxenxlTEkWfLrtJqIjaXaJzAVQbbscoCb5bNjmdud07ESLVfWRKJx2nAJdecHKYp2M5NQyqBuFhQ1ELSFYQKCA==
  dependencies:
    "@aws-sdk/types" "3.127.0"
    tslib "^2.3.1"

"@aws-sdk/protocol-http@3.127.0":
  version "3.127.0"
  resolved "https://registry.yarnpkg.com/@aws-sdk/protocol-http/-/protocol-http-3.127.0.tgz#c1d7bb20f09f9e86fd885d3effb33850b618e549"
  integrity sha512-UG83PVuKX40wilG2uRU0Fvz4OY8Bt+bSPOG776DFjwIXYzK7BwpJm9H2XI2HLhS5WxrJHhwrLBRgW6UiykMnFw==
  dependencies:
    "@aws-sdk/types" "3.127.0"
    tslib "^2.3.1"

"@aws-sdk/querystring-builder@3.127.0":
  version "3.127.0"
  resolved "https://registry.yarnpkg.com/@aws-sdk/querystring-builder/-/querystring-builder-3.127.0.tgz#50a100d13bd13bb06ee92dcd9568e21a37fb9c49"
  integrity sha512-tsoyp4lLPsASPDYWsezGAHD8VJsZbjUNATNAzTCFdH6p+4SKBK83Q5kfXCzxt13M+l3oKbxxIWLvS0kVQFyltQ==
  dependencies:
    "@aws-sdk/types" "3.127.0"
    "@aws-sdk/util-uri-escape" "3.55.0"
    tslib "^2.3.1"

"@aws-sdk/querystring-parser@3.127.0":
  version "3.127.0"
  resolved "https://registry.yarnpkg.com/@aws-sdk/querystring-parser/-/querystring-parser-3.127.0.tgz#d485db0d24005e95bb4c9c478691cd805e5fc0f4"
  integrity sha512-Vn/Dv+PqUSepp/DzLqq0LJJD8HdPefJCnLbO5WcHCARHSGlyGlZUFEM45k/oEHpTvgMXj/ORaP3A+tLwLu0AmA==
  dependencies:
    "@aws-sdk/types" "3.127.0"
    tslib "^2.3.1"

"@aws-sdk/service-error-classification@3.127.0":
  version "3.127.0"
  resolved "https://registry.yarnpkg.com/@aws-sdk/service-error-classification/-/service-error-classification-3.127.0.tgz#64b69215b2525e3b6806856187ef54b00c0f85d1"
  integrity sha512-wjZY9rnlA8SPrICUumTYicEKtK4/yKB62iadUk66hxe8MrH8JhuHH2NqIad0Pt/bK/YtNVhd3yb4pRapOeY5qQ==

"@aws-sdk/shared-ini-file-loader@3.127.0":
  version "3.127.0"
  resolved "https://registry.yarnpkg.com/@aws-sdk/shared-ini-file-loader/-/shared-ini-file-loader-3.127.0.tgz#019c5512bf92f954f6aca6f6811e38fe048aadf6"
  integrity sha512-S3Nn4KRTqoJsB/TbRZSWBBUrkckNMR0Juqz7bOB+wupVvddKP6IcpspSC/GX9zgJjVMV8iGisZ6AUsYsC5r+cA==
  dependencies:
    tslib "^2.3.1"

<<<<<<< HEAD
"@aws-sdk/signature-v4@3.130.0":
  version "3.130.0"
  resolved "https://registry.yarnpkg.com/@aws-sdk/signature-v4/-/signature-v4-3.130.0.tgz#152085234311610a350fdcd9a7f877a83aa44cf1"
  integrity sha512-g5G1a1NHL2uOoFfC2zQdZcj+wbjgBQPkx6xGdtqNKf9v2kS0n6ap5JUGEaqWE02lUlmWHsoMsS73hXtzwXaBRQ==
=======
"@aws-sdk/signature-v4@3.128.0":
  version "3.128.0"
  resolved "https://registry.yarnpkg.com/@aws-sdk/signature-v4/-/signature-v4-3.128.0.tgz#c0d014bfaaf7da5339ff404cf20249ddab47c443"
  integrity sha512-SESr03NkYQ/Nyi5P58rPdkWErB92tiDAmgg3tIvjYzoWkJCPr6G4bUpZk5ViXSRk56oLri54xk7yJORHAETYZw==
>>>>>>> 4eba3666644fef062d0b3b063ad6b2c070000441
  dependencies:
    "@aws-sdk/is-array-buffer" "3.55.0"
    "@aws-sdk/types" "3.127.0"
    "@aws-sdk/util-hex-encoding" "3.109.0"
    "@aws-sdk/util-middleware" "3.127.0"
    "@aws-sdk/util-uri-escape" "3.55.0"
    tslib "^2.3.1"

<<<<<<< HEAD
"@aws-sdk/smithy-client@3.142.0":
  version "3.142.0"
  resolved "https://registry.yarnpkg.com/@aws-sdk/smithy-client/-/smithy-client-3.142.0.tgz#d27abff1892de644ac25fc07305fbc0050d7d512"
  integrity sha512-G38YWTfSFZb5cOH6IwLct530Uy8pnmJvJFeC1pd1nkKD4PRZb+bI2w4xXSX+znYdLA71RYK620OtVKJlB44PtA==
=======
"@aws-sdk/smithy-client@3.127.0":
  version "3.127.0"
  resolved "https://registry.yarnpkg.com/@aws-sdk/smithy-client/-/smithy-client-3.127.0.tgz#64bbdedc3f8ef8a9b908b109833c458f24f58a13"
  integrity sha512-sfcAJ+7a41CJMtsv6HRIjA91155Yk013RvMUdG2EMSo3cpLq/QmTJ1EGw4ByDZs5HLpXAaRoLI+bA2ovriGQnQ==
>>>>>>> 4eba3666644fef062d0b3b063ad6b2c070000441
  dependencies:
    "@aws-sdk/middleware-stack" "3.127.0"
    "@aws-sdk/types" "3.127.0"
    tslib "^2.3.1"

"@aws-sdk/types@3.127.0", "@aws-sdk/types@^3.1.0":
  version "3.127.0"
  resolved "https://registry.yarnpkg.com/@aws-sdk/types/-/types-3.127.0.tgz#a7bafc47ee2328eee2453087521e6c3a39e7278d"
  integrity sha512-e0wtx2IkOl7rwfKfLH5pPTzQ+d45V7b1WrjeL0WDI8kOu6w+sXmhNxI6uM2kf0k4NiTLN84lW290AEWupey9Og==

"@aws-sdk/url-parser@3.127.0":
  version "3.127.0"
  resolved "https://registry.yarnpkg.com/@aws-sdk/url-parser/-/url-parser-3.127.0.tgz#7a5c6186e83dc6f823c989c0575aebe384e676b0"
  integrity sha512-njZ7zn41JHRpNfr3BCesVXCLZE0zcWSfEdtRV0ICw0cU1FgYcKELSuY9+gLUB4ci6uc7gq7mPE8+w30FcM4QeA==
  dependencies:
    "@aws-sdk/querystring-parser" "3.127.0"
    "@aws-sdk/types" "3.127.0"
    tslib "^2.3.1"

"@aws-sdk/util-base64-browser@3.109.0":
  version "3.109.0"
  resolved "https://registry.yarnpkg.com/@aws-sdk/util-base64-browser/-/util-base64-browser-3.109.0.tgz#e7faf5c4cbb88bc39b9c1c5a1a79e4c869e9f645"
  integrity sha512-lAZ6fyDGiRLaIsKT9qh7P9FGuNyZ4gAbr1YOSQk/5mHtaTuUvxlPptZuInNM/0MPQm6lpcot00D8IWTucn4PbA==
  dependencies:
    tslib "^2.3.1"

"@aws-sdk/util-base64-node@3.55.0":
  version "3.55.0"
  resolved "https://registry.yarnpkg.com/@aws-sdk/util-base64-node/-/util-base64-node-3.55.0.tgz#da9a3fd6752be49163572144793e6b23d0186ff4"
  integrity sha512-UQ/ZuNoAc8CFMpSiRYmevaTsuRKzLwulZTnM8LNlIt9Wx1tpNvqp80cfvVj7yySKROtEi20wq29h31dZf1eYNQ==
  dependencies:
    "@aws-sdk/util-buffer-from" "3.55.0"
    tslib "^2.3.1"

"@aws-sdk/util-body-length-browser@3.55.0":
  version "3.55.0"
  resolved "https://registry.yarnpkg.com/@aws-sdk/util-body-length-browser/-/util-body-length-browser-3.55.0.tgz#9c2637097501032f6a1afddb76687415fe9b44b6"
  integrity sha512-Ei2OCzXQw5N6ZkTMZbamUzc1z+z1R1Ja5tMEagz5BxuX4vWdBObT+uGlSzL8yvTbjoPjnxWA2aXyEqaUP3JS8Q==
  dependencies:
    tslib "^2.3.1"

"@aws-sdk/util-body-length-node@3.55.0":
  version "3.55.0"
  resolved "https://registry.yarnpkg.com/@aws-sdk/util-body-length-node/-/util-body-length-node-3.55.0.tgz#67049bbb6c62d794a1bb5a13b9a678988c925489"
  integrity sha512-lU1d4I+9wJwydduXs0SxSfd+mHKjxeyd39VwOv6i2KSwWkPbji9UQqpflKLKw+r45jL7+xU/zfeTUg5Tt/3Gew==
  dependencies:
    tslib "^2.3.1"

"@aws-sdk/util-buffer-from@3.55.0":
  version "3.55.0"
  resolved "https://registry.yarnpkg.com/@aws-sdk/util-buffer-from/-/util-buffer-from-3.55.0.tgz#e7c927974b07a29502aa1ad58509b91d0d7cf0f7"
  integrity sha512-uVzKG1UgvnV7XX2FPTylBujYMKBPBaq/qFBxfl0LVNfrty7YjpfieQxAe6yRLD+T0Kir/WDQwGvYC+tOYG3IGA==
  dependencies:
    "@aws-sdk/is-array-buffer" "3.55.0"
    tslib "^2.3.1"

"@aws-sdk/util-config-provider@3.109.0":
  version "3.109.0"
  resolved "https://registry.yarnpkg.com/@aws-sdk/util-config-provider/-/util-config-provider-3.109.0.tgz#7828b8894b2b23c289ffc5c106cbced7a5d6ee86"
  integrity sha512-GrAZl/aBv0A28LkyNyq8SPJ5fmViCwz80fWLMeWx/6q5AbivuILogjlWwEZSvZ9zrlHOcFC0+AnCa5pQrjaslw==
  dependencies:
    tslib "^2.3.1"

<<<<<<< HEAD
"@aws-sdk/util-defaults-mode-browser@3.142.0":
  version "3.142.0"
  resolved "https://registry.yarnpkg.com/@aws-sdk/util-defaults-mode-browser/-/util-defaults-mode-browser-3.142.0.tgz#808e136ba0b371a68d9d3a4aff7671ee39b68d88"
  integrity sha512-vVB/CrodMmIfv4v54MyBlKO0sQSI/+Mvs4g5gMyVjmT4a+1gnktJQ9R6ZHQ2/ErGewcra6eH9MU5T0r1kYe0+w==
=======
"@aws-sdk/util-defaults-mode-browser@3.127.0":
  version "3.127.0"
  resolved "https://registry.yarnpkg.com/@aws-sdk/util-defaults-mode-browser/-/util-defaults-mode-browser-3.127.0.tgz#4fa9fe802e4296c0ab2e63a6a3c7c787ac5286df"
  integrity sha512-e/vBm+EYSJ0R79591EPiCPE3aR5RKk5CjOkQjNxZIX8UPnIlo7xohTcebfR/iugSTxNrpfrFv+o4H5GjzAuhLA==
>>>>>>> 4eba3666644fef062d0b3b063ad6b2c070000441
  dependencies:
    "@aws-sdk/property-provider" "3.127.0"
    "@aws-sdk/types" "3.127.0"
    bowser "^2.11.0"
    tslib "^2.3.1"

<<<<<<< HEAD
"@aws-sdk/util-defaults-mode-node@3.142.0":
  version "3.142.0"
  resolved "https://registry.yarnpkg.com/@aws-sdk/util-defaults-mode-node/-/util-defaults-mode-node-3.142.0.tgz#d2a8cec87a5295b81ec4315ff0a31bad799a2ac0"
  integrity sha512-13d5RZLO13EDwll3COUq3D4KVsqM63kdf+YjG5mzXR1eXo6GVjghfQfiy0MYM6YbAjTfJxZQkc0nFgWLU8jdyg==
  dependencies:
    "@aws-sdk/config-resolver" "3.130.0"
=======
"@aws-sdk/util-defaults-mode-node@3.128.0":
  version "3.128.0"
  resolved "https://registry.yarnpkg.com/@aws-sdk/util-defaults-mode-node/-/util-defaults-mode-node-3.128.0.tgz#8ff90d33f527d85de2dcb6e6faef4c489076faa4"
  integrity sha512-PZUp+yr1LycbjdOD6CPnoC0yhjIttWm9GtoAbGOODsdUgHhqubfqtT9NlvcQWY7TgwPmolBgjxDHyHyeLVlcRg==
  dependencies:
    "@aws-sdk/config-resolver" "3.128.0"
>>>>>>> 4eba3666644fef062d0b3b063ad6b2c070000441
    "@aws-sdk/credential-provider-imds" "3.127.0"
    "@aws-sdk/node-config-provider" "3.127.0"
    "@aws-sdk/property-provider" "3.127.0"
    "@aws-sdk/types" "3.127.0"
    tslib "^2.3.1"

<<<<<<< HEAD
"@aws-sdk/util-dynamodb@3.145.0":
  version "3.145.0"
  resolved "https://registry.yarnpkg.com/@aws-sdk/util-dynamodb/-/util-dynamodb-3.145.0.tgz#337fcafd938411d2cbf3769a1d71ff5cebc580d2"
  integrity sha512-Vj+hJ2s9AsKTZHs0s4v3SmtQdK46C/nUn6XpWXMjXvCcZI5yNRam689+9FspGNGyLosWOMskPQFE0YmjpjIYWQ==
=======
"@aws-sdk/util-dynamodb@3.128.0":
  version "3.128.0"
  resolved "https://registry.yarnpkg.com/@aws-sdk/util-dynamodb/-/util-dynamodb-3.128.0.tgz#5870214e85de7d7afa3a22cbd1a8c657a07a6f21"
  integrity sha512-+RYkMlbWWCUY0YayqHLNadkVATZudDd27xAoHQRRVb33E1st3zMPyrQYVDoxX6B0IeP19+jVcL+LJtZW/uNSqA==
>>>>>>> 4eba3666644fef062d0b3b063ad6b2c070000441
  dependencies:
    tslib "^2.3.1"

"@aws-sdk/util-hex-encoding@3.109.0":
  version "3.109.0"
  resolved "https://registry.yarnpkg.com/@aws-sdk/util-hex-encoding/-/util-hex-encoding-3.109.0.tgz#93b20acc27c0a1d7d80f653bf19d3dd01c2ccc65"
  integrity sha512-s8CgTNrn3cLkrdiohfxLuOYPCanzvHn/aH5RW6DaMoeQiG5Hl9QUiP/WtdQ9QQx3xvpQFpmvxIaSBwSgFNLQxA==
  dependencies:
    tslib "^2.3.1"

"@aws-sdk/util-locate-window@^3.0.0":
  version "3.55.0"
  resolved "https://registry.yarnpkg.com/@aws-sdk/util-locate-window/-/util-locate-window-3.55.0.tgz#a4136a20ee1bfcb73967a6614caf769ef79db070"
  integrity sha512-0sPmK2JaJE2BbTcnvybzob/VrFKCXKfN4CUKcvn0yGg/me7Bz+vtzQRB3Xp+YSx+7OtWxzv63wsvHoAnXvgxgg==
  dependencies:
    tslib "^2.3.1"

"@aws-sdk/util-middleware@3.127.0":
  version "3.127.0"
  resolved "https://registry.yarnpkg.com/@aws-sdk/util-middleware/-/util-middleware-3.127.0.tgz#266d6160886f272cb3e3c3eb5266abbac0c033bc"
  integrity sha512-EwAPPed9TNqh+Wov2VStLn2NuJ/Wyt7IkZCbCsBuSNp3BFZ1V4gfwTjqtKCtB2LQgQ48MTgWgNCvrH0zjCSPGg==
  dependencies:
    tslib "^2.3.1"

"@aws-sdk/util-uri-escape@3.55.0":
  version "3.55.0"
  resolved "https://registry.yarnpkg.com/@aws-sdk/util-uri-escape/-/util-uri-escape-3.55.0.tgz#ee57743c628a1c9f942dfe73205ce890ec011916"
  integrity sha512-mmdDLUpFCN2nkfwlLdOM54lTD528GiGSPN1qb8XtGLgZsJUmg3uJSFIN2lPeSbEwJB3NFjVas/rnQC48i7mV8w==
  dependencies:
    tslib "^2.3.1"

"@aws-sdk/util-user-agent-browser@3.127.0":
  version "3.127.0"
  resolved "https://registry.yarnpkg.com/@aws-sdk/util-user-agent-browser/-/util-user-agent-browser-3.127.0.tgz#dc6c4c9049ebf238c321883593b2cd3d82b5e755"
  integrity sha512-uO2oHmJswuYKJS+GiMdYI8izhpC9M7/jFFvnAmLlTEVwpEi1VX9KePAOF+u5AaBC2kzITo/7dg141XfRHZloIQ==
  dependencies:
    "@aws-sdk/types" "3.127.0"
    bowser "^2.11.0"
    tslib "^2.3.1"

"@aws-sdk/util-user-agent-node@3.127.0":
  version "3.127.0"
  resolved "https://registry.yarnpkg.com/@aws-sdk/util-user-agent-node/-/util-user-agent-node-3.127.0.tgz#368dc0c0e1160e8ca9e5ca21f3857004509aa06e"
  integrity sha512-3P/M4ZDD2qMeeoCk7TE/Mw7cG5IjB87F6BP8nI8/oHuaz7j6fsI7D49SNpyjl8JApRynZ122Ad6hwQwRj3isYw==
  dependencies:
    "@aws-sdk/node-config-provider" "3.127.0"
    "@aws-sdk/types" "3.127.0"
    tslib "^2.3.1"

"@aws-sdk/util-utf8-browser@3.109.0", "@aws-sdk/util-utf8-browser@^3.0.0":
  version "3.109.0"
  resolved "https://registry.yarnpkg.com/@aws-sdk/util-utf8-browser/-/util-utf8-browser-3.109.0.tgz#d013272e1981b23a4c84ac06f154db686c0cf84e"
  integrity sha512-FmcGSz0v7Bqpl1SE8G1Gc0CtDpug+rvqNCG/szn86JApD/f5x8oByjbEiAyTU2ZH2VevUntx6EW68ulHyH+x+w==
  dependencies:
    tslib "^2.3.1"

"@aws-sdk/util-utf8-node@3.109.0":
  version "3.109.0"
  resolved "https://registry.yarnpkg.com/@aws-sdk/util-utf8-node/-/util-utf8-node-3.109.0.tgz#89e06d916f5b246c7265f59bac742973ac0767ac"
  integrity sha512-Ti/ZBdvz2eSTElsucjzNmzpyg2MwfD1rXmxD0hZuIF8bPON/0+sZYnWd5CbDw9kgmhy28dmKue086tbZ1G0iLQ==
  dependencies:
    "@aws-sdk/util-buffer-from" "3.55.0"
    tslib "^2.3.1"

"@aws-sdk/util-waiter@3.127.0":
  version "3.127.0"
  resolved "https://registry.yarnpkg.com/@aws-sdk/util-waiter/-/util-waiter-3.127.0.tgz#3485ebb614cc417fee397daf61ba4ca3aa5bbedb"
  integrity sha512-E5qrRpBJS8dmClqSDW1pWVMKzCG/mxabG6jVUtlW/WLHnl/znxGaOQc6tnnwKik0nEq/4DpT9fEfPUz9JiLrkw==
  dependencies:
    "@aws-sdk/abort-controller" "3.127.0"
    "@aws-sdk/types" "3.127.0"
    tslib "^2.3.1"

bowser@^2.11.0:
  version "2.11.0"
  resolved "https://registry.yarnpkg.com/bowser/-/bowser-2.11.0.tgz#5ca3c35757a7aa5771500c70a73a9f91ef420a8f"
  integrity sha512-AlcaJBi/pqqJBIQ8U9Mcpc9i8Aqxn88Skv5d+xBX006BY5u8N3mGLHa5Lgppa7L/HfwgwLgZ6NYs+Ag6uUmJRA==

entities@2.2.0:
  version "2.2.0"
  resolved "https://registry.yarnpkg.com/entities/-/entities-2.2.0.tgz#098dc90ebb83d8dffa089d55256b351d34c4da55"
  integrity sha512-p92if5Nz619I0w+akJrLZH0MX0Pb5DX39XOwQTtXSdQQOaYH03S1uIQp4mhOZtAXrxq4ViO67YTiLBo2638o9A==

fast-xml-parser@3.19.0:
  version "3.19.0"
  resolved "https://registry.yarnpkg.com/fast-xml-parser/-/fast-xml-parser-3.19.0.tgz#cb637ec3f3999f51406dd8ff0e6fc4d83e520d01"
  integrity sha512-4pXwmBplsCPv8FOY1WRakF970TjNGnGnfbOnLqjlYvMiF1SR3yOHyxMR/YCXpPTOspNF5gwudqktIP4VsWkvBg==

mnemonist@0.38.3:
  version "0.38.3"
  resolved "https://registry.yarnpkg.com/mnemonist/-/mnemonist-0.38.3.tgz#35ec79c1c1f4357cfda2fe264659c2775ccd7d9d"
  integrity sha512-2K9QYubXx/NAjv4VLq1d1Ly8pWNC5L3BrixtdkyTegXWJIqY+zLNDhhX/A+ZwWt70tB1S8H4BE8FLYEFyNoOBw==
  dependencies:
    obliterator "^1.6.1"

obliterator@^1.6.1:
  version "1.6.1"
  resolved "https://registry.yarnpkg.com/obliterator/-/obliterator-1.6.1.tgz#dea03e8ab821f6c4d96a299e17aef6a3af994ef3"
  integrity sha512-9WXswnqINnnhOG/5SLimUlzuU1hFJUc8zkwyD59Sd+dPOMf05PmnYG/d6Q7HZ+KmgkZJa1PxRso6QdM3sTNHig==

tslib@^1.11.1:
  version "1.14.1"
  resolved "https://registry.yarnpkg.com/tslib/-/tslib-1.14.1.tgz#cf2d38bdc34a134bcaf1091c41f6619e2f672d00"
  integrity sha512-Xni35NKzjgMrwevysHTCArtLDpPvye8zV/0E4EyYn43P7/7qvQwPh9BGkHewbMulVntbigmcT7rdX3BNo9wRJg==

tslib@^2.3.1:
  version "2.4.0"
  resolved "https://registry.yarnpkg.com/tslib/-/tslib-2.4.0.tgz#7cecaa7f073ce680a05847aa77be941098f36dc3"
  integrity sha512-d6xOpEDfsi2CZVlPQzGeux8XMwLT9hssAsaPYExaQMuYskwb+x1x7J371tWlbBdWHroy99KnVB6qIkUbs5X3UQ==

uuid@^8.3.2:
  version "8.3.2"
  resolved "https://registry.yarnpkg.com/uuid/-/uuid-8.3.2.tgz#80d5b5ced271bb9af6c445f21a1a04c606cefbe2"
  integrity sha512-+NYs2QeMWy+GWFOEm9xnn6HCDp0l7QBD7ml8zLUmJ+93Q5NF0NocErnwkTkXVFNiX3/fpC6afS8Dhb/gz7R7eg==
